
Microsoft Visual Studio Solution File, Format Version 12.00
# Visual Studio 15
VisualStudioVersion = 15.0.28307.1000
MinimumVisualStudioVersion = 10.0.40219.1
Project("{9A19103F-16F7-4668-BE54-9A1E7A4F7556}") = "Sunksub04Bibli", "Sunksub04Bibli\Sunksub04Bibli.csproj", "{D9D4DD7F-B015-49AB-8057-F456C2D84037}"
EndProject
Project("{FAE04EC0-301F-11D3-BF4B-00C04F79EFBC}") = "SunkSub04", "SunkSub04\SunkSub04.csproj", "{FA356CDE-2443-4EE8-9386-CA3C8D1A0353}"
EndProject
Project("{FAE04EC0-301F-11D3-BF4B-00C04F79EFBC}") = "SunkTestNum2", "SunkTestNum2\SunkTestNum2.csproj", "{C713EC31-C7C7-46E5-AB40-226FD3F4BD87}"
EndProject
Global
	GlobalSection(SolutionConfigurationPlatforms) = preSolution
		Debug|Any CPU = Debug|Any CPU
		Release|Any CPU = Release|Any CPU
	EndGlobalSection
	GlobalSection(ProjectConfigurationPlatforms) = postSolution
		{D9D4DD7F-B015-49AB-8057-F456C2D84037}.Debug|Any CPU.ActiveCfg = Debug|Any CPU
		{D9D4DD7F-B015-49AB-8057-F456C2D84037}.Debug|Any CPU.Build.0 = Debug|Any CPU
		{D9D4DD7F-B015-49AB-8057-F456C2D84037}.Release|Any CPU.ActiveCfg = Release|Any CPU
		{D9D4DD7F-B015-49AB-8057-F456C2D84037}.Release|Any CPU.Build.0 = Release|Any CPU
		{FA356CDE-2443-4EE8-9386-CA3C8D1A0353}.Debug|Any CPU.ActiveCfg = Debug|Any CPU
		{FA356CDE-2443-4EE8-9386-CA3C8D1A0353}.Debug|Any CPU.Build.0 = Debug|Any CPU
		{FA356CDE-2443-4EE8-9386-CA3C8D1A0353}.Release|Any CPU.ActiveCfg = Release|Any CPU
		{FA356CDE-2443-4EE8-9386-CA3C8D1A0353}.Release|Any CPU.Build.0 = Release|Any CPU
		{C713EC31-C7C7-46E5-AB40-226FD3F4BD87}.Debug|Any CPU.ActiveCfg = Debug|Any CPU
		{C713EC31-C7C7-46E5-AB40-226FD3F4BD87}.Debug|Any CPU.Build.0 = Debug|Any CPU
		{C713EC31-C7C7-46E5-AB40-226FD3F4BD87}.Release|Any CPU.ActiveCfg = Release|Any CPU
		{C713EC31-C7C7-46E5-AB40-226FD3F4BD87}.Release|Any CPU.Build.0 = Release|Any CPU
	EndGlobalSection
	GlobalSection(SolutionProperties) = preSolution
		HideSolutionNode = FALSE
	EndGlobalSection
	GlobalSection(ExtensibilityGlobals) = postSolution
		SolutionGuid = {469E35DA-26D7-4E30-B0D0-7CA56E7F6CDA}
	EndGlobalSection
EndGlobal
